
Microsoft Visual Studio Solution File, Format Version 12.00
# Visual Studio Version 17
VisualStudioVersion = 17.9.34723.18
MinimumVisualStudioVersion = 10.0.40219.1
Project("{9A19103F-16F7-4668-BE54-9A1E7A4F7556}") = "BpmnActivityTask_NET6", "BpmnActivityTask_NET6.csproj", "{80C017A2-1C98-455F-9E00-D84A95842883}"
EndProject
Global
	GlobalSection(SolutionConfigurationPlatforms) = preSolution
		Debug|Any CPU = Debug|Any CPU
		Release|Any CPU = Release|Any CPU
	EndGlobalSection
	GlobalSection(ProjectConfigurationPlatforms) = postSolution
		{80C017A2-1C98-455F-9E00-D84A95842883}.Debug|Any CPU.ActiveCfg = Debug|Any CPU
		{80C017A2-1C98-455F-9E00-D84A95842883}.Debug|Any CPU.Build.0 = Debug|Any CPU
		{80C017A2-1C98-455F-9E00-D84A95842883}.Release|Any CPU.ActiveCfg = Release|Any CPU
		{80C017A2-1C98-455F-9E00-D84A95842883}.Release|Any CPU.Build.0 = Release|Any CPU
	EndGlobalSection
	GlobalSection(SolutionProperties) = preSolution
		HideSolutionNode = FALSE
	EndGlobalSection
	GlobalSection(ExtensibilityGlobals) = postSolution
		SolutionGuid = {0E285145-E4E1-4CB1-98CB-359EC8A61F95}
	EndGlobalSection
EndGlobal
