
Microsoft Visual Studio Solution File, Format Version 12.00
# Visual Studio Version 17
VisualStudioVersion = 17.9.34723.18
MinimumVisualStudioVersion = 10.0.40219.1
Project("{9A19103F-16F7-4668-BE54-9A1E7A4F7556}") = "BpmnActivityCollapsedSubProcess_NET6", "BpmnActivityCollapsedSubProcess_NET6.csproj", "{94ED0B2E-D780-4D03-8350-AAE83131BF7D}"
EndProject
Global
	GlobalSection(SolutionConfigurationPlatforms) = preSolution
		Debug|Any CPU = Debug|Any CPU
		Release|Any CPU = Release|Any CPU
	EndGlobalSection
	GlobalSection(ProjectConfigurationPlatforms) = postSolution
		{94ED0B2E-D780-4D03-8350-AAE83131BF7D}.Debug|Any CPU.ActiveCfg = Debug|Any CPU
		{94ED0B2E-D780-4D03-8350-AAE83131BF7D}.Debug|Any CPU.Build.0 = Debug|Any CPU
		{94ED0B2E-D780-4D03-8350-AAE83131BF7D}.Release|Any CPU.ActiveCfg = Release|Any CPU
		{94ED0B2E-D780-4D03-8350-AAE83131BF7D}.Release|Any CPU.Build.0 = Release|Any CPU
	EndGlobalSection
	GlobalSection(SolutionProperties) = preSolution
		HideSolutionNode = FALSE
	EndGlobalSection
	GlobalSection(ExtensibilityGlobals) = postSolution
		SolutionGuid = {25F898CD-DF2C-4F7E-A1CB-D8A579D16D11}
	EndGlobalSection
EndGlobal
