
Microsoft Visual Studio Solution File, Format Version 12.00
# Visual Studio Version 17
VisualStudioVersion = 17.9.34714.143
MinimumVisualStudioVersion = 10.0.40219.1
Project("{FAE04EC0-301F-11D3-BF4B-00C04F79EFBC}") = "FixedUserHandleTooltip", "FixedUserHandleTooltip\FixedUserHandleTooltip.csproj", "{C70D04E8-8286-4193-A238-3E88E3890811}"
EndProject
Global
	GlobalSection(SolutionConfigurationPlatforms) = preSolution
		Debug|Any CPU = Debug|Any CPU
		Release|Any CPU = Release|Any CPU
	EndGlobalSection
	GlobalSection(ProjectConfigurationPlatforms) = postSolution
		{C70D04E8-8286-4193-A238-3E88E3890811}.Debug|Any CPU.ActiveCfg = Debug|Any CPU
		{C70D04E8-8286-4193-A238-3E88E3890811}.Debug|Any CPU.Build.0 = Debug|Any CPU
		{C70D04E8-8286-4193-A238-3E88E3890811}.Release|Any CPU.ActiveCfg = Release|Any CPU
		{C70D04E8-8286-4193-A238-3E88E3890811}.Release|Any CPU.Build.0 = Release|Any CPU
	EndGlobalSection
	GlobalSection(SolutionProperties) = preSolution
		HideSolutionNode = FALSE
	EndGlobalSection
	GlobalSection(ExtensibilityGlobals) = postSolution
		SolutionGuid = {231046FB-9006-41A2-B931-D48A01F50D9A}
	EndGlobalSection
EndGlobal
