
Microsoft Visual Studio Solution File, Format Version 12.00
# Visual Studio Version 17
VisualStudioVersion = 17.9.34714.143
MinimumVisualStudioVersion = 10.0.40219.1
Project("{FAE04EC0-301F-11D3-BF4B-00C04F79EFBC}") = "UserhandleTooltip", "UserhandleTooltip\UserhandleTooltip.csproj", "{6D7DBD5E-4544-491A-B366-255E118F71CB}"
EndProject
Project("{9A19103F-16F7-4668-BE54-9A1E7A4F7556}") = "Syncfusion.Blazor", "D:\source\ej2-blazor-source\Syncfusion.Blazor\Syncfusion.Blazor.csproj", "{8A2ABA9F-CCFF-48F4-8679-D0BB42737B20}"
EndProject
Global
	GlobalSection(SolutionConfigurationPlatforms) = preSolution
		Debug|Any CPU = Debug|Any CPU
		Release|Any CPU = Release|Any CPU
	EndGlobalSection
	GlobalSection(ProjectConfigurationPlatforms) = postSolution
		{6D7DBD5E-4544-491A-B366-255E118F71CB}.Debug|Any CPU.ActiveCfg = Debug|Any CPU
		{6D7DBD5E-4544-491A-B366-255E118F71CB}.Debug|Any CPU.Build.0 = Debug|Any CPU
		{6D7DBD5E-4544-491A-B366-255E118F71CB}.Release|Any CPU.ActiveCfg = Release|Any CPU
		{6D7DBD5E-4544-491A-B366-255E118F71CB}.Release|Any CPU.Build.0 = Release|Any CPU
		{8A2ABA9F-CCFF-48F4-8679-D0BB42737B20}.Debug|Any CPU.ActiveCfg = Debug|Any CPU
		{8A2ABA9F-CCFF-48F4-8679-D0BB42737B20}.Debug|Any CPU.Build.0 = Debug|Any CPU
		{8A2ABA9F-CCFF-48F4-8679-D0BB42737B20}.Release|Any CPU.ActiveCfg = Release|Any CPU
		{8A2ABA9F-CCFF-48F4-8679-D0BB42737B20}.Release|Any CPU.Build.0 = Release|Any CPU
	EndGlobalSection
	GlobalSection(SolutionProperties) = preSolution
		HideSolutionNode = FALSE
	EndGlobalSection
	GlobalSection(ExtensibilityGlobals) = postSolution
		SolutionGuid = {C2A407B7-6A5D-4ED0-9888-E6AE6A241211}
	EndGlobalSection
EndGlobal
