
Microsoft Visual Studio Solution File, Format Version 12.00
# Visual Studio Version 17
VisualStudioVersion = 17.4.33205.214
MinimumVisualStudioVersion = 10.0.40219.1
Project("{9A19103F-16F7-4668-BE54-9A1E7A4F7556}") = "Icon", "Icon.csproj", "{AC86810E-B112-47A0-B030-BAF6B1EA81DD}"
EndProject
Global
	GlobalSection(SolutionConfigurationPlatforms) = preSolution
		Debug|Any CPU = Debug|Any CPU
		Release|Any CPU = Release|Any CPU
	EndGlobalSection
	GlobalSection(ProjectConfigurationPlatforms) = postSolution
		{AC86810E-B112-47A0-B030-BAF6B1EA81DD}.Debug|Any CPU.ActiveCfg = Debug|Any CPU
		{AC86810E-B112-47A0-B030-BAF6B1EA81DD}.Debug|Any CPU.Build.0 = Debug|Any CPU
		{AC86810E-B112-47A0-B030-BAF6B1EA81DD}.Release|Any CPU.ActiveCfg = Release|Any CPU
		{AC86810E-B112-47A0-B030-BAF6B1EA81DD}.Release|Any CPU.Build.0 = Release|Any CPU
	EndGlobalSection
	GlobalSection(SolutionProperties) = preSolution
		HideSolutionNode = FALSE
	EndGlobalSection
	GlobalSection(ExtensibilityGlobals) = postSolution
		SolutionGuid = {67B21D18-D2C4-43BF-900F-34ED8F458156}
	EndGlobalSection
EndGlobal
