
Microsoft Visual Studio Solution File, Format Version 12.00
# Visual Studio Version 17
VisualStudioVersion = 17.8.34525.116
MinimumVisualStudioVersion = 10.0.40219.1
Project("{FAE04EC0-301F-11D3-BF4B-00C04F79EFBC}") = "ObstaclePadding", "ObstaclePadding.csproj", "{DA0BE5FD-0691-48FE-80BC-BF962DD18E19}"
EndProject
Global
	GlobalSection(SolutionConfigurationPlatforms) = preSolution
		Debug|Any CPU = Debug|Any CPU
		Release|Any CPU = Release|Any CPU
	EndGlobalSection
	GlobalSection(ProjectConfigurationPlatforms) = postSolution
		{DA0BE5FD-0691-48FE-80BC-BF962DD18E19}.Debug|Any CPU.ActiveCfg = Debug|Any CPU
		{DA0BE5FD-0691-48FE-80BC-BF962DD18E19}.Debug|Any CPU.Build.0 = Debug|Any CPU
		{DA0BE5FD-0691-48FE-80BC-BF962DD18E19}.Release|Any CPU.ActiveCfg = Release|Any CPU
		{DA0BE5FD-0691-48FE-80BC-BF962DD18E19}.Release|Any CPU.Build.0 = Release|Any CPU
	EndGlobalSection
	GlobalSection(SolutionProperties) = preSolution
		HideSolutionNode = FALSE
	EndGlobalSection
	GlobalSection(ExtensibilityGlobals) = postSolution
		SolutionGuid = {3AF3B5C9-8453-4DA1-9321-3AC6002C1A5B}
	EndGlobalSection
EndGlobal
