
Microsoft Visual Studio Solution File, Format Version 12.00
# Visual Studio Version 18
VisualStudioVersion = 18.3.11310.294 d18.3
MinimumVisualStudioVersion = 10.0.40219.1
Project("{FAE04EC0-301F-11D3-BF4B-00C04F79EFBC}") = "ForceDirectedTreeLayout", "ForceDirectedTreeLayout.csproj", "{0054050D-392B-40F4-A883-0A5B06CC91BF}"
EndProject
Global
	GlobalSection(SolutionConfigurationPlatforms) = preSolution
		Debug|Any CPU = Debug|Any CPU
		Release|Any CPU = Release|Any CPU
	EndGlobalSection
	GlobalSection(ProjectConfigurationPlatforms) = postSolution
		{0054050D-392B-40F4-A883-0A5B06CC91BF}.Debug|Any CPU.ActiveCfg = Debug|Any CPU
		{0054050D-392B-40F4-A883-0A5B06CC91BF}.Debug|Any CPU.Build.0 = Debug|Any CPU
		{0054050D-392B-40F4-A883-0A5B06CC91BF}.Release|Any CPU.ActiveCfg = Release|Any CPU
		{0054050D-392B-40F4-A883-0A5B06CC91BF}.Release|Any CPU.Build.0 = Release|Any CPU
	EndGlobalSection
	GlobalSection(SolutionProperties) = preSolution
		HideSolutionNode = FALSE
	EndGlobalSection
	GlobalSection(ExtensibilityGlobals) = postSolution
		SolutionGuid = {2D2822EE-9514-4938-B313-79723D70F712}
	EndGlobalSection
EndGlobal
