
Microsoft Visual Studio Solution File, Format Version 12.00
# Visual Studio Version 17
VisualStudioVersion = 17.9.34723.18
MinimumVisualStudioVersion = 10.0.40219.1
Project("{9A19103F-16F7-4668-BE54-9A1E7A4F7556}") = "CreateAnnotation_NET6", "CreateAnnotation_NET6.csproj", "{AFB9352C-6FF6-473A-9899-B1B1582CABFD}"
EndProject
Global
	GlobalSection(SolutionConfigurationPlatforms) = preSolution
		Debug|Any CPU = Debug|Any CPU
		Release|Any CPU = Release|Any CPU
	EndGlobalSection
	GlobalSection(ProjectConfigurationPlatforms) = postSolution
		{AFB9352C-6FF6-473A-9899-B1B1582CABFD}.Debug|Any CPU.ActiveCfg = Debug|Any CPU
		{AFB9352C-6FF6-473A-9899-B1B1582CABFD}.Debug|Any CPU.Build.0 = Debug|Any CPU
		{AFB9352C-6FF6-473A-9899-B1B1582CABFD}.Release|Any CPU.ActiveCfg = Release|Any CPU
		{AFB9352C-6FF6-473A-9899-B1B1582CABFD}.Release|Any CPU.Build.0 = Release|Any CPU
	EndGlobalSection
	GlobalSection(SolutionProperties) = preSolution
		HideSolutionNode = FALSE
	EndGlobalSection
	GlobalSection(ExtensibilityGlobals) = postSolution
		SolutionGuid = {D98A46FD-F66C-464A-A136-CE865095F259}
	EndGlobalSection
EndGlobal
