
Microsoft Visual Studio Solution File, Format Version 12.00
# Visual Studio Version 17
VisualStudioVersion = 17.9.34714.143
MinimumVisualStudioVersion = 10.0.40219.1
Project("{FAE04EC0-301F-11D3-BF4B-00C04F79EFBC}") = "StraightSegmentShapeWithoutConstraints", "StraightSegmentShapeWithoutConstraints\StraightSegmentShapeWithoutConstraints.csproj", "{EA1E4AA5-1C5F-45AD-BF4F-54A48234550C}"
EndProject
Global
	GlobalSection(SolutionConfigurationPlatforms) = preSolution
		Debug|Any CPU = Debug|Any CPU
		Release|Any CPU = Release|Any CPU
	EndGlobalSection
	GlobalSection(ProjectConfigurationPlatforms) = postSolution
		{EA1E4AA5-1C5F-45AD-BF4F-54A48234550C}.Debug|Any CPU.ActiveCfg = Debug|Any CPU
		{EA1E4AA5-1C5F-45AD-BF4F-54A48234550C}.Debug|Any CPU.Build.0 = Debug|Any CPU
		{EA1E4AA5-1C5F-45AD-BF4F-54A48234550C}.Release|Any CPU.ActiveCfg = Release|Any CPU
		{EA1E4AA5-1C5F-45AD-BF4F-54A48234550C}.Release|Any CPU.Build.0 = Release|Any CPU
	EndGlobalSection
	GlobalSection(SolutionProperties) = preSolution
		HideSolutionNode = FALSE
	EndGlobalSection
	GlobalSection(ExtensibilityGlobals) = postSolution
		SolutionGuid = {3405233E-8892-43FD-A164-301F5C4DB5B3}
	EndGlobalSection
EndGlobal
