
Microsoft Visual Studio Solution File, Format Version 12.00
# Visual Studio Version 17
VisualStudioVersion = 17.9.34616.47
MinimumVisualStudioVersion = 10.0.40219.1
Project("{FAE04EC0-301F-11D3-BF4B-00C04F79EFBC}") = "QRCodeExport", "QRCodeExport.csproj", "{5A54A2B3-452F-4A62-B059-EA4A9EA84AAE}"
EndProject
Global
	GlobalSection(SolutionConfigurationPlatforms) = preSolution
		Debug|Any CPU = Debug|Any CPU
		Release|Any CPU = Release|Any CPU
	EndGlobalSection
	GlobalSection(ProjectConfigurationPlatforms) = postSolution
		{5A54A2B3-452F-4A62-B059-EA4A9EA84AAE}.Debug|Any CPU.ActiveCfg = Debug|Any CPU
		{5A54A2B3-452F-4A62-B059-EA4A9EA84AAE}.Debug|Any CPU.Build.0 = Debug|Any CPU
		{5A54A2B3-452F-4A62-B059-EA4A9EA84AAE}.Release|Any CPU.ActiveCfg = Release|Any CPU
		{5A54A2B3-452F-4A62-B059-EA4A9EA84AAE}.Release|Any CPU.Build.0 = Release|Any CPU
	EndGlobalSection
	GlobalSection(SolutionProperties) = preSolution
		HideSolutionNode = FALSE
	EndGlobalSection
	GlobalSection(ExtensibilityGlobals) = postSolution
		SolutionGuid = {47166034-759A-4440-B30B-338A3E4D6106}
	EndGlobalSection
EndGlobal
