
Microsoft Visual Studio Solution File, Format Version 12.00
# Visual Studio Version 17
VisualStudioVersion = 17.4.33205.214
MinimumVisualStudioVersion = 10.0.40219.1
Project("{9A19103F-16F7-4668-BE54-9A1E7A4F7556}") = "PrintingHTML", "PrintingHTML.csproj", "{07B25CB5-4094-47B6-BA5D-CDECFEF5694D}"
EndProject
Global
	GlobalSection(SolutionConfigurationPlatforms) = preSolution
		Debug|Any CPU = Debug|Any CPU
		Release|Any CPU = Release|Any CPU
	EndGlobalSection
	GlobalSection(ProjectConfigurationPlatforms) = postSolution
		{07B25CB5-4094-47B6-BA5D-CDECFEF5694D}.Debug|Any CPU.ActiveCfg = Debug|Any CPU
		{07B25CB5-4094-47B6-BA5D-CDECFEF5694D}.Debug|Any CPU.Build.0 = Debug|Any CPU
		{07B25CB5-4094-47B6-BA5D-CDECFEF5694D}.Release|Any CPU.ActiveCfg = Release|Any CPU
		{07B25CB5-4094-47B6-BA5D-CDECFEF5694D}.Release|Any CPU.Build.0 = Release|Any CPU
	EndGlobalSection
	GlobalSection(SolutionProperties) = preSolution
		HideSolutionNode = FALSE
	EndGlobalSection
	GlobalSection(ExtensibilityGlobals) = postSolution
		SolutionGuid = {56FCD2C3-8DDB-480D-9C3B-9FCE8BF403E5}
	EndGlobalSection
EndGlobal
