
Microsoft Visual Studio Solution File, Format Version 12.00
# Visual Studio Version 17
VisualStudioVersion = 17.9.34723.18
MinimumVisualStudioVersion = 10.0.40219.1
Project("{9A19103F-16F7-4668-BE54-9A1E7A4F7556}") = "RemoveAnnotation_NET8", "RemoveAnnotation_NET8.csproj", "{49A48ABB-5490-4F62-9399-F1C7790B11F5}"
EndProject
Global
	GlobalSection(SolutionConfigurationPlatforms) = preSolution
		Debug|Any CPU = Debug|Any CPU
		Release|Any CPU = Release|Any CPU
	EndGlobalSection
	GlobalSection(ProjectConfigurationPlatforms) = postSolution
		{49A48ABB-5490-4F62-9399-F1C7790B11F5}.Debug|Any CPU.ActiveCfg = Debug|Any CPU
		{49A48ABB-5490-4F62-9399-F1C7790B11F5}.Debug|Any CPU.Build.0 = Debug|Any CPU
		{49A48ABB-5490-4F62-9399-F1C7790B11F5}.Release|Any CPU.ActiveCfg = Release|Any CPU
		{49A48ABB-5490-4F62-9399-F1C7790B11F5}.Release|Any CPU.Build.0 = Release|Any CPU
	EndGlobalSection
	GlobalSection(SolutionProperties) = preSolution
		HideSolutionNode = FALSE
	EndGlobalSection
	GlobalSection(ExtensibilityGlobals) = postSolution
		SolutionGuid = {1167E43C-488B-43EF-8BC8-3AF0E41CE03F}
	EndGlobalSection
EndGlobal
