
Microsoft Visual Studio Solution File, Format Version 12.00
# Visual Studio Version 17
VisualStudioVersion = 17.8.34322.80
MinimumVisualStudioVersion = 10.0.40219.1
Project("{9A19103F-16F7-4668-BE54-9A1E7A4F7556}") = "DrawConstraintsWithDrawingObject", "DrawConstraintsWithDrawingObject.csproj", "{F294D30B-2658-40EA-98E2-A01592C18F81}"
EndProject
Global
	GlobalSection(SolutionConfigurationPlatforms) = preSolution
		Debug|Any CPU = Debug|Any CPU
		Release|Any CPU = Release|Any CPU
	EndGlobalSection
	GlobalSection(ProjectConfigurationPlatforms) = postSolution
		{F294D30B-2658-40EA-98E2-A01592C18F81}.Debug|Any CPU.ActiveCfg = Debug|Any CPU
		{F294D30B-2658-40EA-98E2-A01592C18F81}.Debug|Any CPU.Build.0 = Debug|Any CPU
		{F294D30B-2658-40EA-98E2-A01592C18F81}.Release|Any CPU.ActiveCfg = Release|Any CPU
		{F294D30B-2658-40EA-98E2-A01592C18F81}.Release|Any CPU.Build.0 = Release|Any CPU
	EndGlobalSection
	GlobalSection(SolutionProperties) = preSolution
		HideSolutionNode = FALSE
	EndGlobalSection
	GlobalSection(ExtensibilityGlobals) = postSolution
		SolutionGuid = {1D1A3748-2F00-43A4-ADC2-B2102E11980E}
	EndGlobalSection
EndGlobal
