
Microsoft Visual Studio Solution File, Format Version 12.00
# Visual Studio Version 16
VisualStudioVersion = 16.0.31019.35
MinimumVisualStudioVersion = 10.0.40219.1
Project("{FAE04EC0-301F-11D3-BF4B-00C04F79EFBC}") = "BlazorHTMLToPDF", "BlazorHTMLToPDF\BlazorHTMLToPDF.csproj", "{7AA8D694-316A-4CC0-9C25-E6A1AFCDE55F}"
EndProject
Global
	GlobalSection(SolutionConfigurationPlatforms) = preSolution
		Debug|Any CPU = Debug|Any CPU
		Release|Any CPU = Release|Any CPU
	EndGlobalSection
	GlobalSection(ProjectConfigurationPlatforms) = postSolution
		{7AA8D694-316A-4CC0-9C25-E6A1AFCDE55F}.Debug|Any CPU.ActiveCfg = Debug|Any CPU
		{7AA8D694-316A-4CC0-9C25-E6A1AFCDE55F}.Debug|Any CPU.Build.0 = Debug|Any CPU
		{7AA8D694-316A-4CC0-9C25-E6A1AFCDE55F}.Release|Any CPU.ActiveCfg = Release|Any CPU
		{7AA8D694-316A-4CC0-9C25-E6A1AFCDE55F}.Release|Any CPU.Build.0 = Release|Any CPU
	EndGlobalSection
	GlobalSection(SolutionProperties) = preSolution
		HideSolutionNode = FALSE
	EndGlobalSection
	GlobalSection(ExtensibilityGlobals) = postSolution
		SolutionGuid = {C199E694-5B0A-4356-972A-ADE11FA6ABDA}
	EndGlobalSection
EndGlobal
