
Microsoft Visual Studio Solution File, Format Version 12.00
# Visual Studio Version 17
VisualStudioVersion = 17.8.34525.116
MinimumVisualStudioVersion = 10.0.40219.1
Project("{FAE04EC0-301F-11D3-BF4B-00C04F79EFBC}") = "EnableChunkMessage", "EnableChunkMessage.csproj", "{A8457797-F891-45C6-944C-277CADAB053E}"
EndProject
Global
	GlobalSection(SolutionConfigurationPlatforms) = preSolution
		Debug|Any CPU = Debug|Any CPU
		Release|Any CPU = Release|Any CPU
	EndGlobalSection
	GlobalSection(ProjectConfigurationPlatforms) = postSolution
		{A8457797-F891-45C6-944C-277CADAB053E}.Debug|Any CPU.ActiveCfg = Debug|Any CPU
		{A8457797-F891-45C6-944C-277CADAB053E}.Debug|Any CPU.Build.0 = Debug|Any CPU
		{A8457797-F891-45C6-944C-277CADAB053E}.Release|Any CPU.ActiveCfg = Release|Any CPU
		{A8457797-F891-45C6-944C-277CADAB053E}.Release|Any CPU.Build.0 = Release|Any CPU
	EndGlobalSection
	GlobalSection(SolutionProperties) = preSolution
		HideSolutionNode = FALSE
	EndGlobalSection
	GlobalSection(ExtensibilityGlobals) = postSolution
		SolutionGuid = {97BC7C60-7EF3-45BA-903A-F69933C8CADF}
	EndGlobalSection
EndGlobal
