
Microsoft Visual Studio Solution File, Format Version 12.00
# Visual Studio Version 17
VisualStudioVersion = 17.9.34723.18
MinimumVisualStudioVersion = 10.0.40219.1
Project("{9A19103F-16F7-4668-BE54-9A1E7A4F7556}") = "PipingAndInstrumentation", "PipingAndInstrumentation.csproj", "{98402864-BF8C-43DE-B07A-5BF5FD942267}"
EndProject
Global
	GlobalSection(SolutionConfigurationPlatforms) = preSolution
		Debug|Any CPU = Debug|Any CPU
		Release|Any CPU = Release|Any CPU
	EndGlobalSection
	GlobalSection(ProjectConfigurationPlatforms) = postSolution
		{98402864-BF8C-43DE-B07A-5BF5FD942267}.Debug|Any CPU.ActiveCfg = Debug|Any CPU
		{98402864-BF8C-43DE-B07A-5BF5FD942267}.Debug|Any CPU.Build.0 = Debug|Any CPU
		{98402864-BF8C-43DE-B07A-5BF5FD942267}.Release|Any CPU.ActiveCfg = Release|Any CPU
		{98402864-BF8C-43DE-B07A-5BF5FD942267}.Release|Any CPU.Build.0 = Release|Any CPU
	EndGlobalSection
	GlobalSection(SolutionProperties) = preSolution
		HideSolutionNode = FALSE
	EndGlobalSection
	GlobalSection(ExtensibilityGlobals) = postSolution
		SolutionGuid = {2559C3BD-57E2-4011-8A10-21D251E58CF4}
	EndGlobalSection
EndGlobal
