
Microsoft Visual Studio Solution File, Format Version 12.00
# Visual Studio Version 18
VisualStudioVersion = 18.3.11310.294 d18.3
MinimumVisualStudioVersion = 10.0.40219.1
Project("{FAE04EC0-301F-11D3-BF4B-00C04F79EFBC}") = "DiagramCollaboration", "DiagramCollaboration.csproj", "{3BF18DD2-C820-462A-6E4F-F5D8FE308C82}"
EndProject
Project("{FAE04EC0-301F-11D3-BF4B-00C04F79EFBC}") = "DiagramServer", "..\CollaborationServer\DiagramServer.csproj", "{B29D83AD-4EA0-4E5C-2209-ACAEBC08CABE}"
EndProject
Project("{FAE04EC0-301F-11D3-BF4B-00C04F79EFBC}") = "Syncfusion.Blazor", "..\..\..\..\..\..\Source\ej2-blazor-source\Syncfusion.Blazor\Syncfusion.Blazor.csproj", "{360C1608-22BE-885C-8EBF-915FBA9B0BE5}"
EndProject
Global
	GlobalSection(SolutionConfigurationPlatforms) = preSolution
		Debug|Any CPU = Debug|Any CPU
		Release|Any CPU = Release|Any CPU
	EndGlobalSection
	GlobalSection(ProjectConfigurationPlatforms) = postSolution
		{3BF18DD2-C820-462A-6E4F-F5D8FE308C82}.Debug|Any CPU.ActiveCfg = Debug|Any CPU
		{3BF18DD2-C820-462A-6E4F-F5D8FE308C82}.Debug|Any CPU.Build.0 = Debug|Any CPU
		{3BF18DD2-C820-462A-6E4F-F5D8FE308C82}.Release|Any CPU.ActiveCfg = Release|Any CPU
		{3BF18DD2-C820-462A-6E4F-F5D8FE308C82}.Release|Any CPU.Build.0 = Release|Any CPU
		{B29D83AD-4EA0-4E5C-2209-ACAEBC08CABE}.Debug|Any CPU.ActiveCfg = Debug|Any CPU
		{B29D83AD-4EA0-4E5C-2209-ACAEBC08CABE}.Debug|Any CPU.Build.0 = Debug|Any CPU
		{B29D83AD-4EA0-4E5C-2209-ACAEBC08CABE}.Release|Any CPU.ActiveCfg = Release|Any CPU
		{B29D83AD-4EA0-4E5C-2209-ACAEBC08CABE}.Release|Any CPU.Build.0 = Release|Any CPU
		{360C1608-22BE-885C-8EBF-915FBA9B0BE5}.Debug|Any CPU.ActiveCfg = Debug|Any CPU
		{360C1608-22BE-885C-8EBF-915FBA9B0BE5}.Debug|Any CPU.Build.0 = Debug|Any CPU
		{360C1608-22BE-885C-8EBF-915FBA9B0BE5}.Release|Any CPU.ActiveCfg = Release|Any CPU
		{360C1608-22BE-885C-8EBF-915FBA9B0BE5}.Release|Any CPU.Build.0 = Release|Any CPU
	EndGlobalSection
	GlobalSection(SolutionProperties) = preSolution
		HideSolutionNode = FALSE
	EndGlobalSection
	GlobalSection(ExtensibilityGlobals) = postSolution
		SolutionGuid = {C7AA434D-A07C-4CC9-97F4-09F214525768}
	EndGlobalSection
EndGlobal
