
Microsoft Visual Studio Solution File, Format Version 12.00
# Visual Studio Version 17
VisualStudioVersion = 17.4.33205.214
MinimumVisualStudioVersion = 10.0.40219.1
Project("{9A19103F-16F7-4668-BE54-9A1E7A4F7556}") = "AddPortsAsync", "AddPortsAsync.csproj", "{3B9ED235-551A-4E77-80ED-A6660171291D}"
EndProject
Global
	GlobalSection(SolutionConfigurationPlatforms) = preSolution
		Debug|Any CPU = Debug|Any CPU
		Release|Any CPU = Release|Any CPU
	EndGlobalSection
	GlobalSection(ProjectConfigurationPlatforms) = postSolution
		{3B9ED235-551A-4E77-80ED-A6660171291D}.Debug|Any CPU.ActiveCfg = Debug|Any CPU
		{3B9ED235-551A-4E77-80ED-A6660171291D}.Debug|Any CPU.Build.0 = Debug|Any CPU
		{3B9ED235-551A-4E77-80ED-A6660171291D}.Release|Any CPU.ActiveCfg = Release|Any CPU
		{3B9ED235-551A-4E77-80ED-A6660171291D}.Release|Any CPU.Build.0 = Release|Any CPU
	EndGlobalSection
	GlobalSection(SolutionProperties) = preSolution
		HideSolutionNode = FALSE
	EndGlobalSection
	GlobalSection(ExtensibilityGlobals) = postSolution
		SolutionGuid = {4AF74DFF-57DB-4B53-B835-6FC78F0A6AD0}
	EndGlobalSection
EndGlobal
