
Microsoft Visual Studio Solution File, Format Version 12.00
# Visual Studio Version 17
VisualStudioVersion = 17.9.34723.18
MinimumVisualStudioVersion = 10.0.40219.1
Project("{9A19103F-16F7-4668-BE54-9A1E7A4F7556}") = "OrgChart", "OrgChart.csproj", "{3A266C4F-67B0-4F02-989F-B3047D515CA8}"
EndProject
Global
	GlobalSection(SolutionConfigurationPlatforms) = preSolution
		Debug|Any CPU = Debug|Any CPU
		Release|Any CPU = Release|Any CPU
	EndGlobalSection
	GlobalSection(ProjectConfigurationPlatforms) = postSolution
		{3A266C4F-67B0-4F02-989F-B3047D515CA8}.Debug|Any CPU.ActiveCfg = Debug|Any CPU
		{3A266C4F-67B0-4F02-989F-B3047D515CA8}.Debug|Any CPU.Build.0 = Debug|Any CPU
		{3A266C4F-67B0-4F02-989F-B3047D515CA8}.Debug|Any CPU.Deploy.0 = Debug|Any CPU
		{3A266C4F-67B0-4F02-989F-B3047D515CA8}.Release|Any CPU.ActiveCfg = Release|Any CPU
		{3A266C4F-67B0-4F02-989F-B3047D515CA8}.Release|Any CPU.Build.0 = Release|Any CPU
		{3A266C4F-67B0-4F02-989F-B3047D515CA8}.Release|Any CPU.Deploy.0 = Release|Any CPU
	EndGlobalSection
	GlobalSection(SolutionProperties) = preSolution
		HideSolutionNode = FALSE
	EndGlobalSection
	GlobalSection(ExtensibilityGlobals) = postSolution
		SolutionGuid = {3F94C652-AAA1-4A09-B66B-8C7FB1F5B03E}
	EndGlobalSection
EndGlobal
