
Microsoft Visual Studio Solution File, Format Version 12.00
# Visual Studio Version 17
VisualStudioVersion = 17.8.34525.116
MinimumVisualStudioVersion = 10.0.40219.1
Project("{FAE04EC0-301F-11D3-BF4B-00C04F79EFBC}") = "LineRoutingSettings", "LineRoutingSettings.csproj", "{94B3A92C-1000-4D65-B84C-D201C3A17451}"
EndProject
Global
	GlobalSection(SolutionConfigurationPlatforms) = preSolution
		Debug|Any CPU = Debug|Any CPU
		Release|Any CPU = Release|Any CPU
	EndGlobalSection
	GlobalSection(ProjectConfigurationPlatforms) = postSolution
		{94B3A92C-1000-4D65-B84C-D201C3A17451}.Debug|Any CPU.ActiveCfg = Debug|Any CPU
		{94B3A92C-1000-4D65-B84C-D201C3A17451}.Debug|Any CPU.Build.0 = Debug|Any CPU
		{94B3A92C-1000-4D65-B84C-D201C3A17451}.Release|Any CPU.ActiveCfg = Release|Any CPU
		{94B3A92C-1000-4D65-B84C-D201C3A17451}.Release|Any CPU.Build.0 = Release|Any CPU
	EndGlobalSection
	GlobalSection(SolutionProperties) = preSolution
		HideSolutionNode = FALSE
	EndGlobalSection
	GlobalSection(ExtensibilityGlobals) = postSolution
		SolutionGuid = {98864FDD-AEDC-4C2C-9669-13106199BBE8}
	EndGlobalSection
EndGlobal
