
Microsoft Visual Studio Solution File, Format Version 12.00
# Visual Studio Version 17
VisualStudioVersion = 17.4.33205.214
MinimumVisualStudioVersion = 10.0.40219.1
Project("{9A19103F-16F7-4668-BE54-9A1E7A4F7556}") = "OverviewConstraints", "OverviewConstraints.csproj", "{6E186BB8-2AE9-4C36-AF7A-FE0403BD4C34}"
EndProject
Global
	GlobalSection(SolutionConfigurationPlatforms) = preSolution
		Debug|Any CPU = Debug|Any CPU
		Release|Any CPU = Release|Any CPU
	EndGlobalSection
	GlobalSection(ProjectConfigurationPlatforms) = postSolution
		{6E186BB8-2AE9-4C36-AF7A-FE0403BD4C34}.Debug|Any CPU.ActiveCfg = Debug|Any CPU
		{6E186BB8-2AE9-4C36-AF7A-FE0403BD4C34}.Debug|Any CPU.Build.0 = Debug|Any CPU
		{6E186BB8-2AE9-4C36-AF7A-FE0403BD4C34}.Release|Any CPU.ActiveCfg = Release|Any CPU
		{6E186BB8-2AE9-4C36-AF7A-FE0403BD4C34}.Release|Any CPU.Build.0 = Release|Any CPU
	EndGlobalSection
	GlobalSection(SolutionProperties) = preSolution
		HideSolutionNode = FALSE
	EndGlobalSection
	GlobalSection(ExtensibilityGlobals) = postSolution
		SolutionGuid = {C78A976D-9BF0-4C10-8EA7-B3702A0BD0D7}
	EndGlobalSection
EndGlobal
