
Microsoft Visual Studio Solution File, Format Version 12.00
# Visual Studio Version 17
VisualStudioVersion = 17.9.34616.47
MinimumVisualStudioVersion = 10.0.40219.1
Project("{9A19103F-16F7-4668-BE54-9A1E7A4F7556}") = "DiagramWithCustomAdaptor", "DiagramWithCustomAdaptor.csproj", "{BD5C8386-3C61-4840-826E-D26A6A1C3587}"
EndProject
Project("{9A19103F-16F7-4668-BE54-9A1E7A4F7556}") = "Syncfusion.Blazor", "..\..\..\..\Playwright\ej2-blazor-source\Syncfusion.Blazor\Syncfusion.Blazor.csproj", "{5EA89E23-0015-43D7-800C-943CCC457B60}"
EndProject
Global
	GlobalSection(SolutionConfigurationPlatforms) = preSolution
		Debug|Any CPU = Debug|Any CPU
		Release|Any CPU = Release|Any CPU
	EndGlobalSection
	GlobalSection(ProjectConfigurationPlatforms) = postSolution
		{BD5C8386-3C61-4840-826E-D26A6A1C3587}.Debug|Any CPU.ActiveCfg = Debug|Any CPU
		{BD5C8386-3C61-4840-826E-D26A6A1C3587}.Debug|Any CPU.Build.0 = Debug|Any CPU
		{BD5C8386-3C61-4840-826E-D26A6A1C3587}.Release|Any CPU.ActiveCfg = Release|Any CPU
		{BD5C8386-3C61-4840-826E-D26A6A1C3587}.Release|Any CPU.Build.0 = Release|Any CPU
		{5EA89E23-0015-43D7-800C-943CCC457B60}.Debug|Any CPU.ActiveCfg = Debug|Any CPU
		{5EA89E23-0015-43D7-800C-943CCC457B60}.Debug|Any CPU.Build.0 = Debug|Any CPU
		{5EA89E23-0015-43D7-800C-943CCC457B60}.Release|Any CPU.ActiveCfg = Release|Any CPU
		{5EA89E23-0015-43D7-800C-943CCC457B60}.Release|Any CPU.Build.0 = Release|Any CPU
	EndGlobalSection
	GlobalSection(SolutionProperties) = preSolution
		HideSolutionNode = FALSE
	EndGlobalSection
	GlobalSection(ExtensibilityGlobals) = postSolution
		SolutionGuid = {CBD8AF0E-F2BB-44E4-ACA2-10ADA80C9463}
	EndGlobalSection
EndGlobal
