
Microsoft Visual Studio Solution File, Format Version 12.00
# Visual Studio Version 17
VisualStudioVersion = 17.4.33205.214
MinimumVisualStudioVersion = 10.0.40219.1
Project("{9A19103F-16F7-4668-BE54-9A1E7A4F7556}") = "HTMLToImageExport", "HTMLToImageExport.csproj", "{A5609B27-E34D-4F3D-9292-3A63E8C8FD68}"
EndProject
Global
	GlobalSection(SolutionConfigurationPlatforms) = preSolution
		Debug|Any CPU = Debug|Any CPU
		Release|Any CPU = Release|Any CPU
	EndGlobalSection
	GlobalSection(ProjectConfigurationPlatforms) = postSolution
		{A5609B27-E34D-4F3D-9292-3A63E8C8FD68}.Debug|Any CPU.ActiveCfg = Debug|Any CPU
		{A5609B27-E34D-4F3D-9292-3A63E8C8FD68}.Debug|Any CPU.Build.0 = Debug|Any CPU
		{A5609B27-E34D-4F3D-9292-3A63E8C8FD68}.Release|Any CPU.ActiveCfg = Release|Any CPU
		{A5609B27-E34D-4F3D-9292-3A63E8C8FD68}.Release|Any CPU.Build.0 = Release|Any CPU
	EndGlobalSection
	GlobalSection(SolutionProperties) = preSolution
		HideSolutionNode = FALSE
	EndGlobalSection
	GlobalSection(ExtensibilityGlobals) = postSolution
		SolutionGuid = {71B4EB35-E367-4D64-8FD2-2F20FA2EFDB9}
	EndGlobalSection
EndGlobal
