
Microsoft Visual Studio Solution File, Format Version 12.00
# Visual Studio Version 17
VisualStudioVersion = 17.4.33205.214
MinimumVisualStudioVersion = 10.0.40219.1
Project("{9A19103F-16F7-4668-BE54-9A1E7A4F7556}") = "ConnectorCreating", "ConnectorCreating.csproj", "{1F358D1A-0015-4022-86E6-C84575170FB6}"
EndProject
Global
	GlobalSection(SolutionConfigurationPlatforms) = preSolution
		Debug|Any CPU = Debug|Any CPU
		Release|Any CPU = Release|Any CPU
	EndGlobalSection
	GlobalSection(ProjectConfigurationPlatforms) = postSolution
		{1F358D1A-0015-4022-86E6-C84575170FB6}.Debug|Any CPU.ActiveCfg = Debug|Any CPU
		{1F358D1A-0015-4022-86E6-C84575170FB6}.Debug|Any CPU.Build.0 = Debug|Any CPU
		{1F358D1A-0015-4022-86E6-C84575170FB6}.Release|Any CPU.ActiveCfg = Release|Any CPU
		{1F358D1A-0015-4022-86E6-C84575170FB6}.Release|Any CPU.Build.0 = Release|Any CPU
	EndGlobalSection
	GlobalSection(SolutionProperties) = preSolution
		HideSolutionNode = FALSE
	EndGlobalSection
	GlobalSection(ExtensibilityGlobals) = postSolution
		SolutionGuid = {86ED18EC-BD8E-4C02-ABE0-59616F1E659F}
	EndGlobalSection
EndGlobal
