
Microsoft Visual Studio Solution File, Format Version 12.00
# Visual Studio Version 17
VisualStudioVersion = 17.9.34723.18
MinimumVisualStudioVersion = 10.0.40219.1
Project("{9A19103F-16F7-4668-BE54-9A1E7A4F7556}") = "UpdateOffsetofAnnotation_NET8", "UpdateOffsetofAnnotation_NET8.csproj", "{C1757537-E7D4-4E29-BD22-7763F2E550DF}"
EndProject
Global
	GlobalSection(SolutionConfigurationPlatforms) = preSolution
		Debug|Any CPU = Debug|Any CPU
		Release|Any CPU = Release|Any CPU
	EndGlobalSection
	GlobalSection(ProjectConfigurationPlatforms) = postSolution
		{C1757537-E7D4-4E29-BD22-7763F2E550DF}.Debug|Any CPU.ActiveCfg = Debug|Any CPU
		{C1757537-E7D4-4E29-BD22-7763F2E550DF}.Debug|Any CPU.Build.0 = Debug|Any CPU
		{C1757537-E7D4-4E29-BD22-7763F2E550DF}.Release|Any CPU.ActiveCfg = Release|Any CPU
		{C1757537-E7D4-4E29-BD22-7763F2E550DF}.Release|Any CPU.Build.0 = Release|Any CPU
	EndGlobalSection
	GlobalSection(SolutionProperties) = preSolution
		HideSolutionNode = FALSE
	EndGlobalSection
	GlobalSection(ExtensibilityGlobals) = postSolution
		SolutionGuid = {D49ECEB2-3A1D-4361-B71F-4C9648F2918E}
	EndGlobalSection
EndGlobal
