
Microsoft Visual Studio Solution File, Format Version 12.00
# Visual Studio Version 17
VisualStudioVersion = 17.9.34723.18
MinimumVisualStudioVersion = 10.0.40219.1
Project("{9A19103F-16F7-4668-BE54-9A1E7A4F7556}") = "Association_NET6", "Association_NET6.csproj", "{80871E06-76FC-4B22-AEDD-ADD77705F75C}"
EndProject
Global
	GlobalSection(SolutionConfigurationPlatforms) = preSolution
		Debug|Any CPU = Debug|Any CPU
		Release|Any CPU = Release|Any CPU
	EndGlobalSection
	GlobalSection(ProjectConfigurationPlatforms) = postSolution
		{80871E06-76FC-4B22-AEDD-ADD77705F75C}.Debug|Any CPU.ActiveCfg = Debug|Any CPU
		{80871E06-76FC-4B22-AEDD-ADD77705F75C}.Debug|Any CPU.Build.0 = Debug|Any CPU
		{80871E06-76FC-4B22-AEDD-ADD77705F75C}.Release|Any CPU.ActiveCfg = Release|Any CPU
		{80871E06-76FC-4B22-AEDD-ADD77705F75C}.Release|Any CPU.Build.0 = Release|Any CPU
	EndGlobalSection
	GlobalSection(SolutionProperties) = preSolution
		HideSolutionNode = FALSE
	EndGlobalSection
	GlobalSection(ExtensibilityGlobals) = postSolution
		SolutionGuid = {A82301F9-7331-444E-AE95-4757E754D6C3}
	EndGlobalSection
EndGlobal
