
Microsoft Visual Studio Solution File, Format Version 12.00
# Visual Studio Version 17
VisualStudioVersion = 17.9.34723.18
MinimumVisualStudioVersion = 10.0.40219.1
Project("{9A19103F-16F7-4668-BE54-9A1E7A4F7556}") = "AnnotationStyleatRunTime_NET6", "AnnotationStyleatRunTime_NET6.csproj", "{683E2C27-DC60-4B84-8EEB-8AD79B0A1EE5}"
EndProject
Global
	GlobalSection(SolutionConfigurationPlatforms) = preSolution
		Debug|Any CPU = Debug|Any CPU
		Release|Any CPU = Release|Any CPU
	EndGlobalSection
	GlobalSection(ProjectConfigurationPlatforms) = postSolution
		{683E2C27-DC60-4B84-8EEB-8AD79B0A1EE5}.Debug|Any CPU.ActiveCfg = Debug|Any CPU
		{683E2C27-DC60-4B84-8EEB-8AD79B0A1EE5}.Debug|Any CPU.Build.0 = Debug|Any CPU
		{683E2C27-DC60-4B84-8EEB-8AD79B0A1EE5}.Release|Any CPU.ActiveCfg = Release|Any CPU
		{683E2C27-DC60-4B84-8EEB-8AD79B0A1EE5}.Release|Any CPU.Build.0 = Release|Any CPU
	EndGlobalSection
	GlobalSection(SolutionProperties) = preSolution
		HideSolutionNode = FALSE
	EndGlobalSection
	GlobalSection(ExtensibilityGlobals) = postSolution
		SolutionGuid = {26462B48-99F7-4A97-A9F9-7DAB55C9F28A}
	EndGlobalSection
EndGlobal
