
Microsoft Visual Studio Solution File, Format Version 12.00
# Visual Studio Version 17
VisualStudioVersion = 17.9.34723.18
MinimumVisualStudioVersion = 10.0.40219.1
Project("{9A19103F-16F7-4668-BE54-9A1E7A4F7556}") = "Message_NET6", "Message_NET6.csproj", "{E46A08F3-C251-4333-883E-7E67BD94456A}"
EndProject
Global
	GlobalSection(SolutionConfigurationPlatforms) = preSolution
		Debug|Any CPU = Debug|Any CPU
		Release|Any CPU = Release|Any CPU
	EndGlobalSection
	GlobalSection(ProjectConfigurationPlatforms) = postSolution
		{E46A08F3-C251-4333-883E-7E67BD94456A}.Debug|Any CPU.ActiveCfg = Debug|Any CPU
		{E46A08F3-C251-4333-883E-7E67BD94456A}.Debug|Any CPU.Build.0 = Debug|Any CPU
		{E46A08F3-C251-4333-883E-7E67BD94456A}.Release|Any CPU.ActiveCfg = Release|Any CPU
		{E46A08F3-C251-4333-883E-7E67BD94456A}.Release|Any CPU.Build.0 = Release|Any CPU
	EndGlobalSection
	GlobalSection(SolutionProperties) = preSolution
		HideSolutionNode = FALSE
	EndGlobalSection
	GlobalSection(ExtensibilityGlobals) = postSolution
		SolutionGuid = {F0BDA73F-6BFF-4A00-AC18-1FE431850D67}
	EndGlobalSection
EndGlobal
