
Microsoft Visual Studio Solution File, Format Version 12.00
# Visual Studio Version 17
VisualStudioVersion = 17.9.34723.18
MinimumVisualStudioVersion = 10.0.40219.1
Project("{9A19103F-16F7-4668-BE54-9A1E7A4F7556}") = "Adhoc_NET8", "Adhoc_NET8.csproj", "{0DD55C10-B8E3-424B-BA9E-FCF2FC917F2C}"
EndProject
Global
	GlobalSection(SolutionConfigurationPlatforms) = preSolution
		Debug|Any CPU = Debug|Any CPU
		Release|Any CPU = Release|Any CPU
	EndGlobalSection
	GlobalSection(ProjectConfigurationPlatforms) = postSolution
		{0DD55C10-B8E3-424B-BA9E-FCF2FC917F2C}.Debug|Any CPU.ActiveCfg = Debug|Any CPU
		{0DD55C10-B8E3-424B-BA9E-FCF2FC917F2C}.Debug|Any CPU.Build.0 = Debug|Any CPU
		{0DD55C10-B8E3-424B-BA9E-FCF2FC917F2C}.Release|Any CPU.ActiveCfg = Release|Any CPU
		{0DD55C10-B8E3-424B-BA9E-FCF2FC917F2C}.Release|Any CPU.Build.0 = Release|Any CPU
	EndGlobalSection
	GlobalSection(SolutionProperties) = preSolution
		HideSolutionNode = FALSE
	EndGlobalSection
	GlobalSection(ExtensibilityGlobals) = postSolution
		SolutionGuid = {02629BA1-53A9-4B14-91CA-BCEFE326F588}
	EndGlobalSection
EndGlobal
