
Microsoft Visual Studio Solution File, Format Version 12.00
# Visual Studio Version 17
VisualStudioVersion = 17.9.34723.18
MinimumVisualStudioVersion = 10.0.40219.1
Project("{9A19103F-16F7-4668-BE54-9A1E7A4F7556}") = "AlignText_NET8", "AlignText_NET8.csproj", "{DB40C065-B6AB-43A0-B65A-2C4E9F7FA98D}"
EndProject
Global
	GlobalSection(SolutionConfigurationPlatforms) = preSolution
		Debug|Any CPU = Debug|Any CPU
		Release|Any CPU = Release|Any CPU
	EndGlobalSection
	GlobalSection(ProjectConfigurationPlatforms) = postSolution
		{DB40C065-B6AB-43A0-B65A-2C4E9F7FA98D}.Debug|Any CPU.ActiveCfg = Debug|Any CPU
		{DB40C065-B6AB-43A0-B65A-2C4E9F7FA98D}.Debug|Any CPU.Build.0 = Debug|Any CPU
		{DB40C065-B6AB-43A0-B65A-2C4E9F7FA98D}.Release|Any CPU.ActiveCfg = Release|Any CPU
		{DB40C065-B6AB-43A0-B65A-2C4E9F7FA98D}.Release|Any CPU.Build.0 = Release|Any CPU
	EndGlobalSection
	GlobalSection(SolutionProperties) = preSolution
		HideSolutionNode = FALSE
	EndGlobalSection
	GlobalSection(ExtensibilityGlobals) = postSolution
		SolutionGuid = {38F26E88-EAEE-468B-A459-222129CBC7F0}
	EndGlobalSection
EndGlobal
