
Microsoft Visual Studio Solution File, Format Version 12.00
# Visual Studio Version 17
VisualStudioVersion = 17.9.34723.18
MinimumVisualStudioVersion = 10.0.40219.1
Project("{9A19103F-16F7-4668-BE54-9A1E7A4F7556}") = "AlignText_NET6", "AlignText_NET6.csproj", "{FEB3D845-AF6A-43F7-97B0-1C97E37CBE05}"
EndProject
Global
	GlobalSection(SolutionConfigurationPlatforms) = preSolution
		Debug|Any CPU = Debug|Any CPU
		Release|Any CPU = Release|Any CPU
	EndGlobalSection
	GlobalSection(ProjectConfigurationPlatforms) = postSolution
		{FEB3D845-AF6A-43F7-97B0-1C97E37CBE05}.Debug|Any CPU.ActiveCfg = Debug|Any CPU
		{FEB3D845-AF6A-43F7-97B0-1C97E37CBE05}.Debug|Any CPU.Build.0 = Debug|Any CPU
		{FEB3D845-AF6A-43F7-97B0-1C97E37CBE05}.Release|Any CPU.ActiveCfg = Release|Any CPU
		{FEB3D845-AF6A-43F7-97B0-1C97E37CBE05}.Release|Any CPU.Build.0 = Release|Any CPU
	EndGlobalSection
	GlobalSection(SolutionProperties) = preSolution
		HideSolutionNode = FALSE
	EndGlobalSection
	GlobalSection(ExtensibilityGlobals) = postSolution
		SolutionGuid = {EC128FC3-C29A-4C37-86FF-771CF71C7C00}
	EndGlobalSection
EndGlobal
