
Microsoft Visual Studio Solution File, Format Version 12.00
# Visual Studio Version 17
VisualStudioVersion = 17.9.34723.18
MinimumVisualStudioVersion = 10.0.40219.1
Project("{9A19103F-16F7-4668-BE54-9A1E7A4F7556}") = "ReaonlyConstraints_NET8", "ReaonlyConstraints_NET8.csproj", "{11638432-1A82-46ED-BBD4-C032A73C9D99}"
EndProject
Global
	GlobalSection(SolutionConfigurationPlatforms) = preSolution
		Debug|Any CPU = Debug|Any CPU
		Release|Any CPU = Release|Any CPU
	EndGlobalSection
	GlobalSection(ProjectConfigurationPlatforms) = postSolution
		{11638432-1A82-46ED-BBD4-C032A73C9D99}.Debug|Any CPU.ActiveCfg = Debug|Any CPU
		{11638432-1A82-46ED-BBD4-C032A73C9D99}.Debug|Any CPU.Build.0 = Debug|Any CPU
		{11638432-1A82-46ED-BBD4-C032A73C9D99}.Release|Any CPU.ActiveCfg = Release|Any CPU
		{11638432-1A82-46ED-BBD4-C032A73C9D99}.Release|Any CPU.Build.0 = Release|Any CPU
	EndGlobalSection
	GlobalSection(SolutionProperties) = preSolution
		HideSolutionNode = FALSE
	EndGlobalSection
	GlobalSection(ExtensibilityGlobals) = postSolution
		SolutionGuid = {AE587DC8-BFBF-4055-80E6-B58DEAA4B01E}
	EndGlobalSection
EndGlobal
