
Microsoft Visual Studio Solution File, Format Version 12.00
# Visual Studio Version 17
VisualStudioVersion = 17.8.34309.116
MinimumVisualStudioVersion = 10.0.40219.1
Project("{9A19103F-16F7-4668-BE54-9A1E7A4F7556}") = "FlowchartLayout_NET6", "FlowchartLayout_NET6.csproj", "{C616D732-3758-4EA8-8A01-37513A9AF344}"
EndProject
Project("{9A19103F-16F7-4668-BE54-9A1E7A4F7556}") = "Syncfusion.Blazor", "..\..\..\..\..\ej2-blazor-source\Syncfusion.Blazor\Syncfusion.Blazor.csproj", "{FA61BDAD-8614-4107-A290-3DDB0E5BBB14}"
EndProject
Global
	GlobalSection(SolutionConfigurationPlatforms) = preSolution
		Debug|Any CPU = Debug|Any CPU
		Release|Any CPU = Release|Any CPU
	EndGlobalSection
	GlobalSection(ProjectConfigurationPlatforms) = postSolution
		{C616D732-3758-4EA8-8A01-37513A9AF344}.Debug|Any CPU.ActiveCfg = Debug|Any CPU
		{C616D732-3758-4EA8-8A01-37513A9AF344}.Debug|Any CPU.Build.0 = Debug|Any CPU
		{C616D732-3758-4EA8-8A01-37513A9AF344}.Release|Any CPU.ActiveCfg = Release|Any CPU
		{C616D732-3758-4EA8-8A01-37513A9AF344}.Release|Any CPU.Build.0 = Release|Any CPU
		{FA61BDAD-8614-4107-A290-3DDB0E5BBB14}.Debug|Any CPU.ActiveCfg = Debug|Any CPU
		{FA61BDAD-8614-4107-A290-3DDB0E5BBB14}.Debug|Any CPU.Build.0 = Debug|Any CPU
		{FA61BDAD-8614-4107-A290-3DDB0E5BBB14}.Release|Any CPU.ActiveCfg = Release|Any CPU
		{FA61BDAD-8614-4107-A290-3DDB0E5BBB14}.Release|Any CPU.Build.0 = Release|Any CPU
	EndGlobalSection
	GlobalSection(SolutionProperties) = preSolution
		HideSolutionNode = FALSE
	EndGlobalSection
	GlobalSection(ExtensibilityGlobals) = postSolution
		SolutionGuid = {475A4035-D083-4F74-8E74-FCE6BDBF4FDC}
	EndGlobalSection
EndGlobal
