
Microsoft Visual Studio Solution File, Format Version 12.00
# Visual Studio Version 17
VisualStudioVersion = 17.9.34723.18
MinimumVisualStudioVersion = 10.0.40219.1
Project("{9A19103F-16F7-4668-BE54-9A1E7A4F7556}") = "BpmnDataStore_NET8", "BpmnDataStore_NET8.csproj", "{AB4AA04A-B334-4E32-AF4D-59B3545A5721}"
EndProject
Global
	GlobalSection(SolutionConfigurationPlatforms) = preSolution
		Debug|Any CPU = Debug|Any CPU
		Release|Any CPU = Release|Any CPU
	EndGlobalSection
	GlobalSection(ProjectConfigurationPlatforms) = postSolution
		{AB4AA04A-B334-4E32-AF4D-59B3545A5721}.Debug|Any CPU.ActiveCfg = Debug|Any CPU
		{AB4AA04A-B334-4E32-AF4D-59B3545A5721}.Debug|Any CPU.Build.0 = Debug|Any CPU
		{AB4AA04A-B334-4E32-AF4D-59B3545A5721}.Release|Any CPU.ActiveCfg = Release|Any CPU
		{AB4AA04A-B334-4E32-AF4D-59B3545A5721}.Release|Any CPU.Build.0 = Release|Any CPU
	EndGlobalSection
	GlobalSection(SolutionProperties) = preSolution
		HideSolutionNode = FALSE
	EndGlobalSection
	GlobalSection(ExtensibilityGlobals) = postSolution
		SolutionGuid = {FDC7A8C6-2CD5-489A-AA3C-D325E82F9C30}
	EndGlobalSection
EndGlobal
