
Microsoft Visual Studio Solution File, Format Version 12.00
# Visual Studio Version 17
VisualStudioVersion = 17.9.34723.18
MinimumVisualStudioVersion = 10.0.40219.1
Project("{9A19103F-16F7-4668-BE54-9A1E7A4F7556}") = "BpmnDataStore_NET6", "BpmnDataStore_NET6.csproj", "{909046E9-1603-464C-BAD0-147E6E04D538}"
EndProject
Global
	GlobalSection(SolutionConfigurationPlatforms) = preSolution
		Debug|Any CPU = Debug|Any CPU
		Release|Any CPU = Release|Any CPU
	EndGlobalSection
	GlobalSection(ProjectConfigurationPlatforms) = postSolution
		{909046E9-1603-464C-BAD0-147E6E04D538}.Debug|Any CPU.ActiveCfg = Debug|Any CPU
		{909046E9-1603-464C-BAD0-147E6E04D538}.Debug|Any CPU.Build.0 = Debug|Any CPU
		{909046E9-1603-464C-BAD0-147E6E04D538}.Release|Any CPU.ActiveCfg = Release|Any CPU
		{909046E9-1603-464C-BAD0-147E6E04D538}.Release|Any CPU.Build.0 = Release|Any CPU
	EndGlobalSection
	GlobalSection(SolutionProperties) = preSolution
		HideSolutionNode = FALSE
	EndGlobalSection
	GlobalSection(ExtensibilityGlobals) = postSolution
		SolutionGuid = {69B3953E-B171-4B07-A125-4DF918355533}
	EndGlobalSection
EndGlobal
