
Microsoft Visual Studio Solution File, Format Version 12.00
# Visual Studio Version 17
VisualStudioVersion = 17.9.34723.18
MinimumVisualStudioVersion = 10.0.40219.1
Project("{9A19103F-16F7-4668-BE54-9A1E7A4F7556}") = "HyperlinkWithContent_NET6", "HyperlinkWithContent_NET6.csproj", "{C879FFCB-D1FC-4882-9720-641D0F003B8D}"
EndProject
Global
	GlobalSection(SolutionConfigurationPlatforms) = preSolution
		Debug|Any CPU = Debug|Any CPU
		Release|Any CPU = Release|Any CPU
	EndGlobalSection
	GlobalSection(ProjectConfigurationPlatforms) = postSolution
		{C879FFCB-D1FC-4882-9720-641D0F003B8D}.Debug|Any CPU.ActiveCfg = Debug|Any CPU
		{C879FFCB-D1FC-4882-9720-641D0F003B8D}.Debug|Any CPU.Build.0 = Debug|Any CPU
		{C879FFCB-D1FC-4882-9720-641D0F003B8D}.Release|Any CPU.ActiveCfg = Release|Any CPU
		{C879FFCB-D1FC-4882-9720-641D0F003B8D}.Release|Any CPU.Build.0 = Release|Any CPU
	EndGlobalSection
	GlobalSection(SolutionProperties) = preSolution
		HideSolutionNode = FALSE
	EndGlobalSection
	GlobalSection(ExtensibilityGlobals) = postSolution
		SolutionGuid = {04819884-AE40-4C24-A17B-CA51B5309B8F}
	EndGlobalSection
EndGlobal
