
Microsoft Visual Studio Solution File, Format Version 12.00
# Visual Studio Version 17
VisualStudioVersion = 17.6.33801.468
MinimumVisualStudioVersion = 10.0.40219.1
Project("{9A19103F-16F7-4668-BE54-9A1E7A4F7556}") = "SetDistributeCommands", "SetDistributeCommands.csproj", "{6C58F595-D417-46E5-9085-898A8BBF46D5}"
EndProject
Global
	GlobalSection(SolutionConfigurationPlatforms) = preSolution
		Debug|Any CPU = Debug|Any CPU
		Release|Any CPU = Release|Any CPU
	EndGlobalSection
	GlobalSection(ProjectConfigurationPlatforms) = postSolution
		{6C58F595-D417-46E5-9085-898A8BBF46D5}.Debug|Any CPU.ActiveCfg = Debug|Any CPU
		{6C58F595-D417-46E5-9085-898A8BBF46D5}.Debug|Any CPU.Build.0 = Debug|Any CPU
		{6C58F595-D417-46E5-9085-898A8BBF46D5}.Release|Any CPU.ActiveCfg = Release|Any CPU
		{6C58F595-D417-46E5-9085-898A8BBF46D5}.Release|Any CPU.Build.0 = Release|Any CPU
	EndGlobalSection
	GlobalSection(SolutionProperties) = preSolution
		HideSolutionNode = FALSE
	EndGlobalSection
	GlobalSection(ExtensibilityGlobals) = postSolution
		SolutionGuid = {E686479B-9597-4E40-B3F3-FC40DA734E3D}
	EndGlobalSection
EndGlobal
