
Microsoft Visual Studio Solution File, Format Version 12.00
# Visual Studio Version 17
VisualStudioVersion = 17.9.34723.18
MinimumVisualStudioVersion = 10.0.40219.1
Project("{9A19103F-16F7-4668-BE54-9A1E7A4F7556}") = "MultipleAnnotations_NET8", "MultipleAnnotations_NET8.csproj", "{C9B3BE1B-1A2A-4478-AD2E-2482E1D008F4}"
EndProject
Global
	GlobalSection(SolutionConfigurationPlatforms) = preSolution
		Debug|Any CPU = Debug|Any CPU
		Release|Any CPU = Release|Any CPU
	EndGlobalSection
	GlobalSection(ProjectConfigurationPlatforms) = postSolution
		{C9B3BE1B-1A2A-4478-AD2E-2482E1D008F4}.Debug|Any CPU.ActiveCfg = Debug|Any CPU
		{C9B3BE1B-1A2A-4478-AD2E-2482E1D008F4}.Debug|Any CPU.Build.0 = Debug|Any CPU
		{C9B3BE1B-1A2A-4478-AD2E-2482E1D008F4}.Release|Any CPU.ActiveCfg = Release|Any CPU
		{C9B3BE1B-1A2A-4478-AD2E-2482E1D008F4}.Release|Any CPU.Build.0 = Release|Any CPU
	EndGlobalSection
	GlobalSection(SolutionProperties) = preSolution
		HideSolutionNode = FALSE
	EndGlobalSection
	GlobalSection(ExtensibilityGlobals) = postSolution
		SolutionGuid = {8A59DAB3-451F-45A0-B358-EFD943CA28F8}
	EndGlobalSection
EndGlobal
