
Microsoft Visual Studio Solution File, Format Version 12.00
# Visual Studio Version 17
VisualStudioVersion = 17.13.35806.99 d17.13
MinimumVisualStudioVersion = 10.0.40219.1
Project("{FAE04EC0-301F-11D3-BF4B-00C04F79EFBC}") = "ForceDirectedTreeDataSource", "ForceDirectedTreeDataSource.csproj", "{88427A93-7B27-48EE-84D8-7E3E198C3AC3}"
EndProject
Global
	GlobalSection(SolutionConfigurationPlatforms) = preSolution
		Debug|Any CPU = Debug|Any CPU
		Release|Any CPU = Release|Any CPU
	EndGlobalSection
	GlobalSection(ProjectConfigurationPlatforms) = postSolution
		{88427A93-7B27-48EE-84D8-7E3E198C3AC3}.Debug|Any CPU.ActiveCfg = Debug|Any CPU
		{88427A93-7B27-48EE-84D8-7E3E198C3AC3}.Debug|Any CPU.Build.0 = Debug|Any CPU
		{88427A93-7B27-48EE-84D8-7E3E198C3AC3}.Release|Any CPU.ActiveCfg = Release|Any CPU
		{88427A93-7B27-48EE-84D8-7E3E198C3AC3}.Release|Any CPU.Build.0 = Release|Any CPU
	EndGlobalSection
	GlobalSection(SolutionProperties) = preSolution
		HideSolutionNode = FALSE
	EndGlobalSection
	GlobalSection(ExtensibilityGlobals) = postSolution
		SolutionGuid = {1E9B921A-FA94-49D4-B518-CA52ACD355AD}
	EndGlobalSection
EndGlobal
