
Microsoft Visual Studio Solution File, Format Version 12.00
# Visual Studio Version 17
VisualStudioVersion = 17.12.35707.178 d17.12
MinimumVisualStudioVersion = 10.0.40219.1
Project("{FAE04EC0-301F-11D3-BF4B-00C04F79EFBC}") = "LayoutWithJSON_NET8", "LayoutWithJSON_NET8.csproj", "{57C423F8-9634-43E6-B883-F4CE5CAC7D6A}"
EndProject
Global
	GlobalSection(SolutionConfigurationPlatforms) = preSolution
		Debug|Any CPU = Debug|Any CPU
		Release|Any CPU = Release|Any CPU
	EndGlobalSection
	GlobalSection(ProjectConfigurationPlatforms) = postSolution
		{57C423F8-9634-43E6-B883-F4CE5CAC7D6A}.Debug|Any CPU.ActiveCfg = Debug|Any CPU
		{57C423F8-9634-43E6-B883-F4CE5CAC7D6A}.Debug|Any CPU.Build.0 = Debug|Any CPU
		{57C423F8-9634-43E6-B883-F4CE5CAC7D6A}.Release|Any CPU.ActiveCfg = Release|Any CPU
		{57C423F8-9634-43E6-B883-F4CE5CAC7D6A}.Release|Any CPU.Build.0 = Release|Any CPU
	EndGlobalSection
	GlobalSection(SolutionProperties) = preSolution
		HideSolutionNode = FALSE
	EndGlobalSection
EndGlobal
