
Microsoft Visual Studio Solution File, Format Version 12.00
# Visual Studio Version 17
VisualStudioVersion = 17.9.34723.18
MinimumVisualStudioVersion = 10.0.40219.1
Project("{9A19103F-16F7-4668-BE54-9A1E7A4F7556}") = "BpmnEventTrigger_NET8", "BpmnEventTrigger_NET8.csproj", "{31A6AE2B-0C69-4A10-B0C9-920085427042}"
EndProject
Global
	GlobalSection(SolutionConfigurationPlatforms) = preSolution
		Debug|Any CPU = Debug|Any CPU
		Release|Any CPU = Release|Any CPU
	EndGlobalSection
	GlobalSection(ProjectConfigurationPlatforms) = postSolution
		{31A6AE2B-0C69-4A10-B0C9-920085427042}.Debug|Any CPU.ActiveCfg = Debug|Any CPU
		{31A6AE2B-0C69-4A10-B0C9-920085427042}.Debug|Any CPU.Build.0 = Debug|Any CPU
		{31A6AE2B-0C69-4A10-B0C9-920085427042}.Release|Any CPU.ActiveCfg = Release|Any CPU
		{31A6AE2B-0C69-4A10-B0C9-920085427042}.Release|Any CPU.Build.0 = Release|Any CPU
	EndGlobalSection
	GlobalSection(SolutionProperties) = preSolution
		HideSolutionNode = FALSE
	EndGlobalSection
	GlobalSection(ExtensibilityGlobals) = postSolution
		SolutionGuid = {06A3FA79-1996-4270-A8AC-B15C9C5373D1}
	EndGlobalSection
EndGlobal
