
Microsoft Visual Studio Solution File, Format Version 12.00
# Visual Studio Version 17
VisualStudioVersion = 17.4.33122.133
MinimumVisualStudioVersion = 10.0.40219.1
Project("{FAE04EC0-301F-11D3-BF4B-00C04F79EFBC}") = "BlazorApp36", "BlazorApp36\BlazorApp36.csproj", "{699147CD-DEA7-42A0-9C2B-516E55DCC3D2}"
EndProject
Global
	GlobalSection(SolutionConfigurationPlatforms) = preSolution
		Debug|Any CPU = Debug|Any CPU
		Release|Any CPU = Release|Any CPU
	EndGlobalSection
	GlobalSection(ProjectConfigurationPlatforms) = postSolution
		{699147CD-DEA7-42A0-9C2B-516E55DCC3D2}.Debug|Any CPU.ActiveCfg = Debug|Any CPU
		{699147CD-DEA7-42A0-9C2B-516E55DCC3D2}.Debug|Any CPU.Build.0 = Debug|Any CPU
		{699147CD-DEA7-42A0-9C2B-516E55DCC3D2}.Release|Any CPU.ActiveCfg = Release|Any CPU
		{699147CD-DEA7-42A0-9C2B-516E55DCC3D2}.Release|Any CPU.Build.0 = Release|Any CPU
	EndGlobalSection
	GlobalSection(SolutionProperties) = preSolution
		HideSolutionNode = FALSE
	EndGlobalSection
	GlobalSection(ExtensibilityGlobals) = postSolution
		SolutionGuid = {82763E5D-2074-438E-89A2-CB04BF48C99C}
	EndGlobalSection
EndGlobal
